
Microsoft Visual Studio Solution File, Format Version 12.00
# Visual Studio Version 17
VisualStudioVersion = 17.4.33110.190
MinimumVisualStudioVersion = 10.0.40219.1
Project("{FAE04EC0-301F-11D3-BF4B-00C04F79EFBC}") = "Company.API", "Company.API\Company.API.csproj", "{F6BA9B7B-B18C-460B-AC91-0431ED946A71}"
EndProject
Project("{FAE04EC0-301F-11D3-BF4B-00C04F79EFBC}") = "Company.Data", "Company.Data\Company.Data.csproj", "{9539E1D2-B740-4E04-B9C0-8C85E8018AA8}"
EndProject
Project("{FAE04EC0-301F-11D3-BF4B-00C04F79EFBC}") = "Company.Common", "Company.Common\Company.Common.csproj", "{BF6EFB77-1141-49E0-A978-339C2CD490CF}"
EndProject
Global
	GlobalSection(SolutionConfigurationPlatforms) = preSolution
		Debug|Any CPU = Debug|Any CPU
		Release|Any CPU = Release|Any CPU
	EndGlobalSection
	GlobalSection(ProjectConfigurationPlatforms) = postSolution
		{F6BA9B7B-B18C-460B-AC91-0431ED946A71}.Debug|Any CPU.ActiveCfg = Debug|Any CPU
		{F6BA9B7B-B18C-460B-AC91-0431ED946A71}.Debug|Any CPU.Build.0 = Debug|Any CPU
		{F6BA9B7B-B18C-460B-AC91-0431ED946A71}.Release|Any CPU.ActiveCfg = Release|Any CPU
		{F6BA9B7B-B18C-460B-AC91-0431ED946A71}.Release|Any CPU.Build.0 = Release|Any CPU
		{9539E1D2-B740-4E04-B9C0-8C85E8018AA8}.Debug|Any CPU.ActiveCfg = Debug|Any CPU
		{9539E1D2-B740-4E04-B9C0-8C85E8018AA8}.Debug|Any CPU.Build.0 = Debug|Any CPU
		{9539E1D2-B740-4E04-B9C0-8C85E8018AA8}.Release|Any CPU.ActiveCfg = Release|Any CPU
		{9539E1D2-B740-4E04-B9C0-8C85E8018AA8}.Release|Any CPU.Build.0 = Release|Any CPU
		{BF6EFB77-1141-49E0-A978-339C2CD490CF}.Debug|Any CPU.ActiveCfg = Debug|Any CPU
		{BF6EFB77-1141-49E0-A978-339C2CD490CF}.Debug|Any CPU.Build.0 = Debug|Any CPU
		{BF6EFB77-1141-49E0-A978-339C2CD490CF}.Release|Any CPU.ActiveCfg = Release|Any CPU
		{BF6EFB77-1141-49E0-A978-339C2CD490CF}.Release|Any CPU.Build.0 = Release|Any CPU
	EndGlobalSection
	GlobalSection(SolutionProperties) = preSolution
		HideSolutionNode = FALSE
	EndGlobalSection
	GlobalSection(ExtensibilityGlobals) = postSolution
		SolutionGuid = {66BABF05-071B-4658-B133-18E12F6E724A}
	EndGlobalSection
EndGlobal
